
Microsoft Visual Studio Solution File, Format Version 12.00
# Visual Studio Version 17
VisualStudioVersion = 17.0.31903.59
MinimumVisualStudioVersion = 10.0.40219.1
Project("{FAE04EC0-301F-11D3-BF4B-00C04F79EFBC}") = "RabbitMQ.Shared", "RabbitMQ.Shared\RabbitMQ.Shared.csproj", "{A9008E99-3AE7-458C-8E8F-5E3506B16063}"
EndProject
Project("{FAE04EC0-301F-11D3-BF4B-00C04F79EFBC}") = "RabbitMQ.Producer", "RabbitMQ.Producer\RabbitMQ.Producer.csproj", "{F4FE71A1-72E1-459E-8485-0F031D41388C}"
EndProject
Project("{FAE04EC0-301F-11D3-BF4B-00C04F79EFBC}") = "RabbitMQ.Consumer", "RabbitMQ.Consumer\RabbitMQ.Consumer.csproj", "{4C6758AC-4155-4817-B2D0-584D5A663E23}"
EndProject
Global
	GlobalSection(SolutionConfigurationPlatforms) = preSolution
		Debug|Any CPU = Debug|Any CPU
		Release|Any CPU = Release|Any CPU
	EndGlobalSection
	GlobalSection(SolutionProperties) = preSolution
		HideSolutionNode = FALSE
	EndGlobalSection
	GlobalSection(ProjectConfigurationPlatforms) = postSolution
		{A9008E99-3AE7-458C-8E8F-5E3506B16063}.Debug|Any CPU.ActiveCfg = Debug|Any CPU
		{A9008E99-3AE7-458C-8E8F-5E3506B16063}.Debug|Any CPU.Build.0 = Debug|Any CPU
		{A9008E99-3AE7-458C-8E8F-5E3506B16063}.Release|Any CPU.ActiveCfg = Release|Any CPU
		{A9008E99-3AE7-458C-8E8F-5E3506B16063}.Release|Any CPU.Build.0 = Release|Any CPU
		{F4FE71A1-72E1-459E-8485-0F031D41388C}.Debug|Any CPU.ActiveCfg = Debug|Any CPU
		{F4FE71A1-72E1-459E-8485-0F031D41388C}.Debug|Any CPU.Build.0 = Debug|Any CPU
		{F4FE71A1-72E1-459E-8485-0F031D41388C}.Release|Any CPU.ActiveCfg = Release|Any CPU
		{F4FE71A1-72E1-459E-8485-0F031D41388C}.Release|Any CPU.Build.0 = Release|Any CPU
		{4C6758AC-4155-4817-B2D0-584D5A663E23}.Debug|Any CPU.ActiveCfg = Debug|Any CPU
		{4C6758AC-4155-4817-B2D0-584D5A663E23}.Debug|Any CPU.Build.0 = Debug|Any CPU
		{4C6758AC-4155-4817-B2D0-584D5A663E23}.Release|Any CPU.ActiveCfg = Release|Any CPU
		{4C6758AC-4155-4817-B2D0-584D5A663E23}.Release|Any CPU.Build.0 = Release|Any CPU
	EndGlobalSection
EndGlobal
